// !$*UTF8*$!
{
	archiveVersion = 1;
	classes = {
	};
	objectVersion = 55;
	objects = {

/* Begin PBXBuildFile section */
		EE454922282290EC00796E39 /* SwiftyLibRob.docc in Sources */ = {isa = PBXBuildFile; fileRef = EE454921282290EC00796E39 /* SwiftyLibRob.docc */; };
		EE454928282290ED00796E39 /* SwiftyLibRob.framework in Frameworks */ = {isa = PBXBuildFile; fileRef = EE45491D282290EC00796E39 /* SwiftyLibRob.framework */; };
		EE45492D282290ED00796E39 /* SwiftyLibRobTests.swift in Sources */ = {isa = PBXBuildFile; fileRef = EE45492C282290ED00796E39 /* SwiftyLibRobTests.swift */; };
		EE45492E282290ED00796E39 /* SwiftyLibRob.h in Headers */ = {isa = PBXBuildFile; fileRef = EE454920282290EC00796E39 /* SwiftyLibRob.h */; settings = {ATTRIBUTES = (Public, ); }; };
/* End PBXBuildFile section */

/* Begin PBXContainerItemProxy section */
		EE454929282290ED00796E39 /* PBXContainerItemProxy */ = {
			isa = PBXContainerItemProxy;
			containerPortal = EE454914282290EC00796E39 /* Project object */;
			proxyType = 1;
			remoteGlobalIDString = EE45491C282290EC00796E39;
			remoteInfo = SwiftyLibRob;
		};
/* End PBXContainerItemProxy section */

/* Begin PBXFileReference section */
		EE45491D282290EC00796E39 /* SwiftyLibRob.framework */ = {isa = PBXFileReference; explicitFileType = wrapper.framework; includeInIndex = 0; path = SwiftyLibRob.framework; sourceTree = BUILT_PRODUCTS_DIR; };
		EE454920282290EC00796E39 /* SwiftyLibRob.h */ = {isa = PBXFileReference; lastKnownFileType = sourcecode.c.h; path = SwiftyLibRob.h; sourceTree = "<group>"; };
		EE454921282290EC00796E39 /* SwiftyLibRob.docc */ = {isa = PBXFileReference; lastKnownFileType = folder.documentationcatalog; path = SwiftyLibRob.docc; sourceTree = "<group>"; };
		EE454927282290ED00796E39 /* SwiftyLibRobTests.xctest */ = {isa = PBXFileReference; explicitFileType = wrapper.cfbundle; includeInIndex = 0; path = SwiftyLibRobTests.xctest; sourceTree = BUILT_PRODUCTS_DIR; };
		EE45492C282290ED00796E39 /* SwiftyLibRobTests.swift */ = {isa = PBXFileReference; lastKnownFileType = sourcecode.swift; path = SwiftyLibRobTests.swift; sourceTree = "<group>"; };
/* End PBXFileReference section */

/* Begin PBXFrameworksBuildPhase section */
		EE45491A282290EC00796E39 /* Frameworks */ = {
			isa = PBXFrameworksBuildPhase;
			buildActionMask = 2147483647;
			files = (
			);
			runOnlyForDeploymentPostprocessing = 0;
		};
		EE454924282290ED00796E39 /* Frameworks */ = {
			isa = PBXFrameworksBuildPhase;
			buildActionMask = 2147483647;
			files = (
				EE454928282290ED00796E39 /* SwiftyLibRob.framework in Frameworks */,
			);
			runOnlyForDeploymentPostprocessing = 0;
		};
/* End PBXFrameworksBuildPhase section */

/* Begin PBXGroup section */
		EE454913282290EC00796E39 = {
			isa = PBXGroup;
			children = (
				EE45491F282290EC00796E39 /* SwiftyLibRob */,
				EE45492B282290ED00796E39 /* SwiftyLibRobTests */,
				EE45491E282290EC00796E39 /* Products */,
			);
			sourceTree = "<group>";
		};
		EE45491E282290EC00796E39 /* Products */ = {
			isa = PBXGroup;
			children = (
				EE45491D282290EC00796E39 /* SwiftyLibRob.framework */,
				EE454927282290ED00796E39 /* SwiftyLibRobTests.xctest */,
			);
			name = Products;
			sourceTree = "<group>";
		};
		EE45491F282290EC00796E39 /* SwiftyLibRob */ = {
			isa = PBXGroup;
			children = (
				EE454920282290EC00796E39 /* SwiftyLibRob.h */,
				EE454921282290EC00796E39 /* SwiftyLibRob.docc */,
			);
			path = SwiftyLibRob;
			sourceTree = "<group>";
		};
		EE45492B282290ED00796E39 /* SwiftyLibRobTests */ = {
			isa = PBXGroup;
			children = (
				EE45492C282290ED00796E39 /* SwiftyLibRobTests.swift */,
			);
			path = SwiftyLibRobTests;
			sourceTree = "<group>";
		};
/* End PBXGroup section */

/* Begin PBXHeadersBuildPhase section */
		EE454918282290EC00796E39 /* Headers */ = {
			isa = PBXHeadersBuildPhase;
			buildActionMask = 2147483647;
			files = (
				EE45492E282290ED00796E39 /* SwiftyLibRob.h in Headers */,
			);
			runOnlyForDeploymentPostprocessing = 0;
		};
/* End PBXHeadersBuildPhase section */

/* Begin PBXNativeTarget section */
		EE45491C282290EC00796E39 /* SwiftyLibRob */ = {
			isa = PBXNativeTarget;
			buildConfigurationList = EE454931282290ED00796E39 /* Build configuration list for PBXNativeTarget "SwiftyLibRob" */;
			buildPhases = (
				EE454918282290EC00796E39 /* Headers */,
				EE454919282290EC00796E39 /* Sources */,
				EE45491A282290EC00796E39 /* Frameworks */,
				EE45491B282290EC00796E39 /* Resources */,
			);
			buildRules = (
			);
			dependencies = (
			);
			name = SwiftyLibRob;
			productName = SwiftyLibRob;
			productReference = EE45491D282290EC00796E39 /* SwiftyLibRob.framework */;
			productType = "com.apple.product-type.framework";
		};
		EE454926282290ED00796E39 /* SwiftyLibRobTests */ = {
			isa = PBXNativeTarget;
			buildConfigurationList = EE454934282290ED00796E39 /* Build configuration list for PBXNativeTarget "SwiftyLibRobTests" */;
			buildPhases = (
				EE454923282290ED00796E39 /* Sources */,
				EE454924282290ED00796E39 /* Frameworks */,
				EE454925282290ED00796E39 /* Resources */,
			);
			buildRules = (
			);
			dependencies = (
				EE45492A282290ED00796E39 /* PBXTargetDependency */,
			);
			name = SwiftyLibRobTests;
			productName = SwiftyLibRobTests;
			productReference = EE454927282290ED00796E39 /* SwiftyLibRobTests.xctest */;
			productType = "com.apple.product-type.bundle.unit-test";
		};
/* End PBXNativeTarget section */

/* Begin PBXProject section */
		EE454914282290EC00796E39 /* Project object */ = {
			isa = PBXProject;
			attributes = {
				BuildIndependentTargetsInParallel = 1;
				LastSwiftUpdateCheck = 1330;
				LastUpgradeCheck = 1330;
				TargetAttributes = {
					EE45491C282290EC00796E39 = {
						CreatedOnToolsVersion = 13.3.1;
					};
					EE454926282290ED00796E39 = {
						CreatedOnToolsVersion = 13.3.1;
					};
				};
			};
			buildConfigurationList = EE454917282290EC00796E39 /* Build configuration list for PBXProject "SwiftyLibRob" */;
			compatibilityVersion = "Xcode 13.0";
			developmentRegion = en;
			hasScannedForEncodings = 0;
			knownRegions = (
				en,
				Base,
			);
			mainGroup = EE454913282290EC00796E39;
			productRefGroup = EE45491E282290EC00796E39 /* Products */;
			projectDirPath = "";
			projectRoot = "";
			targets = (
				EE45491C282290EC00796E39 /* SwiftyLibRob */,
				EE454926282290ED00796E39 /* SwiftyLibRobTests */,
			);
		};
/* End PBXProject section */

/* Begin PBXResourcesBuildPhase section */
		EE45491B282290EC00796E39 /* Resources */ = {
			isa = PBXResourcesBuildPhase;
			buildActionMask = 2147483647;
			files = (
			);
			runOnlyForDeploymentPostprocessing = 0;
		};
		EE454925282290ED00796E39 /* Resources */ = {
			isa = PBXResourcesBuildPhase;
			buildActionMask = 2147483647;
			files = (
			);
			runOnlyForDeploymentPostprocessing = 0;
		};
/* End PBXResourcesBuildPhase section */

/* Begin PBXSourcesBuildPhase section */
		EE454919282290EC00796E39 /* Sources */ = {
			isa = PBXSourcesBuildPhase;
			buildActionMask = 2147483647;
			files = (
				EE454922282290EC00796E39 /* SwiftyLibRob.docc in Sources */,
			);
			runOnlyForDeploymentPostprocessing = 0;
		};
		EE454923282290ED00796E39 /* Sources */ = {
			isa = PBXSourcesBuildPhase;
			buildActionMask = 2147483647;
			files = (
				EE45492D282290ED00796E39 /* SwiftyLibRobTests.swift in Sources */,
			);
			runOnlyForDeploymentPostprocessing = 0;
		};
/* End PBXSourcesBuildPhase section */

/* Begin PBXTargetDependency section */
		EE45492A282290ED00796E39 /* PBXTargetDependency */ = {
			isa = PBXTargetDependency;
			target = EE45491C282290EC00796E39 /* SwiftyLibRob */;
			targetProxy = EE454929282290ED00796E39 /* PBXContainerItemProxy */;
		};
/* End PBXTargetDependency section */

/* Begin XCBuildConfiguration section */
		EE45492F282290ED00796E39 /* Debug */ = {
			isa = XCBuildConfiguration;
			buildSettings = {
				ALWAYS_SEARCH_USER_PATHS = NO;
				CLANG_ANALYZER_NONNULL = YES;
				CLANG_ANALYZER_NUMBER_OBJECT_CONVERSION = YES_AGGRESSIVE;
				CLANG_CXX_LANGUAGE_STANDARD = "gnu++17";
				CLANG_ENABLE_MODULES = YES;
				CLANG_ENABLE_OBJC_ARC = YES;
				CLANG_ENABLE_OBJC_WEAK = YES;
				CLANG_WARN_BLOCK_CAPTURE_AUTORELEASING = YES;
				CLANG_WARN_BOOL_CONVERSION = YES;
				CLANG_WARN_COMMA = YES;
				CLANG_WARN_CONSTANT_CONVERSION = YES;
				CLANG_WARN_DEPRECATED_OBJC_IMPLEMENTATIONS = YES;
				CLANG_WARN_DIRECT_OBJC_ISA_USAGE = YES_ERROR;
				CLANG_WARN_DOCUMENTATION_COMMENTS = YES;
				CLANG_WARN_EMPTY_BODY = YES;
				CLANG_WARN_ENUM_CONVERSION = YES;
				CLANG_WARN_INFINITE_RECURSION = YES;
				CLANG_WARN_INT_CONVERSION = YES;
				CLANG_WARN_NON_LITERAL_NULL_CONVERSION = YES;
				CLANG_WARN_OBJC_IMPLICIT_RETAIN_SELF = YES;
				CLANG_WARN_OBJC_LITERAL_CONVERSION = YES;
				CLANG_WARN_OBJC_ROOT_CLASS = YES_ERROR;
				CLANG_WARN_QUOTED_INCLUDE_IN_FRAMEWORK_HEADER = YES;
				CLANG_WARN_RANGE_LOOP_ANALYSIS = YES;
				CLANG_WARN_STRICT_PROTOTYPES = YES;
				CLANG_WARN_SUSPICIOUS_MOVE = YES;
				CLANG_WARN_UNGUARDED_AVAILABILITY = YES_AGGRESSIVE;
				CLANG_WARN_UNREACHABLE_CODE = YES;
				CLANG_WARN__DUPLICATE_METHOD_MATCH = YES;
				COPY_PHASE_STRIP = NO;
				CURRENT_PROJECT_VERSION = 1;
				DEBUG_INFORMATION_FORMAT = dwarf;
				ENABLE_STRICT_OBJC_MSGSEND = YES;
				ENABLE_TESTABILITY = YES;
				GCC_C_LANGUAGE_STANDARD = gnu11;
				GCC_DYNAMIC_NO_PIC = NO;
				GCC_NO_COMMON_BLOCKS = YES;
				GCC_OPTIMIZATION_LEVEL = 0;
				GCC_PREPROCESSOR_DEFINITIONS = (
					"DEBUG=1",
					"$(inherited)",
				);
				GCC_WARN_64_TO_32_BIT_CONVERSION = YES;
				GCC_WARN_ABOUT_RETURN_TYPE = YES_ERROR;
				GCC_WARN_UNDECLARED_SELECTOR = YES;
				GCC_WARN_UNINITIALIZED_AUTOS = YES_AGGRESSIVE;
				GCC_WARN_UNUSED_FUNCTION = YES;
				GCC_WARN_UNUSED_VARIABLE = YES;
				IPHONEOS_DEPLOYMENT_TARGET = 15.4;
				MTL_ENABLE_DEBUG_INFO = INCLUDE_SOURCE;
				MTL_FAST_MATH = YES;
				ONLY_ACTIVE_ARCH = YES;
				SDKROOT = iphoneos;
				SWIFT_ACTIVE_COMPILATION_CONDITIONS = DEBUG;
				SWIFT_OPTIMIZATION_LEVEL = "-Onone";
				VERSIONING_SYSTEM = "apple-generic";
				VERSION_INFO_PREFIX = "";
			};
			name = Debug;
		};
		EE454930282290ED00796E39 /* Release */ = {
			isa = XCBuildConfiguration;
			buildSettings = {
				ALWAYS_SEARCH_USER_PATHS = NO;
				CLANG_ANALYZER_NONNULL = YES;
				CLANG_ANALYZER_NUMBER_OBJECT_CONVERSION = YES_AGGRESSIVE;
				CLANG_CXX_LANGUAGE_STANDARD = "gnu++17";
				CLANG_ENABLE_MODULES = YES;
				CLANG_ENABLE_OBJC_ARC = YES;
				CLANG_ENABLE_OBJC_WEAK = YES;
				CLANG_WARN_BLOCK_CAPTURE_AUTORELEASING = YES;
				CLANG_WARN_BOOL_CONVERSION = YES;
				CLANG_WARN_COMMA = YES;
				CLANG_WARN_CONSTANT_CONVERSION = YES;
				CLANG_WARN_DEPRECATED_OBJC_IMPLEMENTATIONS = YES;
				CLANG_WARN_DIRECT_OBJC_ISA_USAGE = YES_ERROR;
				CLANG_WARN_DOCUMENTATION_COMMENTS = YES;
				CLANG_WARN_EMPTY_BODY = YES;
				CLANG_WARN_ENUM_CONVERSION = YES;
				CLANG_WARN_INFINITE_RECURSION = YES;
				CLANG_WARN_INT_CONVERSION = YES;
				CLANG_WARN_NON_LITERAL_NULL_CONVERSION = YES;
				CLANG_WARN_OBJC_IMPLICIT_RETAIN_SELF = YES;
				CLANG_WARN_OBJC_LITERAL_CONVERSION = YES;
				CLANG_WARN_OBJC_ROOT_CLASS = YES_ERROR;
				CLANG_WARN_QUOTED_INCLUDE_IN_FRAMEWORK_HEADER = YES;
				CLANG_WARN_RANGE_LOOP_ANALYSIS = YES;
				CLANG_WARN_STRICT_PROTOTYPES = YES;
				CLANG_WARN_SUSPICIOUS_MOVE = YES;
				CLANG_WARN_UNGUARDED_AVAILABILITY = YES_AGGRESSIVE;
				CLANG_WARN_UNREACHABLE_CODE = YES;
				CLANG_WARN__DUPLICATE_METHOD_MATCH = YES;
				COPY_PHASE_STRIP = NO;
				CURRENT_PROJECT_VERSION = 1;
				DEBUG_INFORMATION_FORMAT = "dwarf-with-dsym";
				ENABLE_NS_ASSERTIONS = NO;
				ENABLE_STRICT_OBJC_MSGSEND = YES;
				GCC_C_LANGUAGE_STANDARD = gnu11;
				GCC_NO_COMMON_BLOCKS = YES;
				GCC_WARN_64_TO_32_BIT_CONVERSION = YES;
				GCC_WARN_ABOUT_RETURN_TYPE = YES_ERROR;
				GCC_WARN_UNDECLARED_SELECTOR = YES;
				GCC_WARN_UNINITIALIZED_AUTOS = YES_AGGRESSIVE;
				GCC_WARN_UNUSED_FUNCTION = YES;
				GCC_WARN_UNUSED_VARIABLE = YES;
				IPHONEOS_DEPLOYMENT_TARGET = 15.4;
				MTL_ENABLE_DEBUG_INFO = NO;
				MTL_FAST_MATH = YES;
				SDKROOT = iphoneos;
				SWIFT_COMPILATION_MODE = wholemodule;
				SWIFT_OPTIMIZATION_LEVEL = "-O";
				VALIDATE_PRODUCT = YES;
				VERSIONING_SYSTEM = "apple-generic";
				VERSION_INFO_PREFIX = "";
			};
			name = Release;
		};
		EE454932282290ED00796E39 /* Debug */ = {
			isa = XCBuildConfiguration;
			buildSettings = {
				CODE_SIGN_STYLE = Automatic;
				CURRENT_PROJECT_VERSION = 1;
				DEFINES_MODULE = YES;
				DYLIB_COMPATIBILITY_VERSION = 1;
				DYLIB_CURRENT_VERSION = 1;
				DYLIB_INSTALL_NAME_BASE = "@rpath";
				GENERATE_INFOPLIST_FILE = YES;
				INFOPLIST_KEY_NSHumanReadableCopyright = "";
				INSTALL_PATH = "$(LOCAL_LIBRARY_DIR)/Frameworks";
				LD_RUNPATH_SEARCH_PATHS = (
					"$(inherited)",
					"@executable_path/Frameworks",
					"@loader_path/Frameworks",
				);
				MARKETING_VERSION = 1.0;
				PRODUCT_BUNDLE_IDENTIFIER = com.vn.SwiftyLibRob;
				PRODUCT_NAME = "$(TARGET_NAME:c99extidentifier)";
				SKIP_INSTALL = YES;
				SWIFT_EMIT_LOC_STRINGS = YES;
				SWIFT_VERSION = 5.0;
				TARGETED_DEVICE_FAMILY = "1,2";
			};
			name = Debug;
		};
		EE454933282290ED00796E39 /* Release */ = {
			isa = XCBuildConfiguration;
			buildSettings = {
				CODE_SIGN_STYLE = Automatic;
				CURRENT_PROJECT_VERSION = 1;
				DEFINES_MODULE = YES;
				DYLIB_COMPATIBILITY_VERSION = 1;
				DYLIB_CURRENT_VERSION = 1;
				DYLIB_INSTALL_NAME_BASE = "@rpath";
				GENERATE_INFOPLIST_FILE = YES;
				INFOPLIST_KEY_NSHumanReadableCopyright = "";
				INSTALL_PATH = "$(LOCAL_LIBRARY_DIR)/Frameworks";
				LD_RUNPATH_SEARCH_PATHS = (
					"$(inherited)",
					"@executable_path/Frameworks",
					"@loader_path/Frameworks",
				);
				MARKETING_VERSION = 1.0;
				PRODUCT_BUNDLE_IDENTIFIER = com.vn.SwiftyLibRob;
				PRODUCT_NAME = "$(TARGET_NAME:c99extidentifier)";
				SKIP_INSTALL = YES;
				SWIFT_EMIT_LOC_STRINGS = YES;
				SWIFT_VERSION = 5.0;
				TARGETED_DEVICE_FAMILY = "1,2";
			};
			name = Release;
		};
		EE454935282290ED00796E39 /* Debug */ = {
			isa = XCBuildConfiguration;
			buildSettings = {
				CODE_SIGN_STYLE = Automatic;
				CURRENT_PROJECT_VERSION = 1;
				GENERATE_INFOPLIST_FILE = YES;
				MARKETING_VERSION = 1.0;
				PRODUCT_BUNDLE_IDENTIFIER = com.vn.SwiftyLibRobTests;
				PRODUCT_NAME = "$(TARGET_NAME)";
				SWIFT_EMIT_LOC_STRINGS = NO;
				SWIFT_VERSION = 5.0;
				TARGETED_DEVICE_FAMILY = "1,2";
			};
			name = Debug;
		};
		EE454936282290ED00796E39 /* Release */ = {
			isa = XCBuildConfiguration;
			buildSettings = {
				CODE_SIGN_STYLE = Automatic;
				CURRENT_PROJECT_VERSION = 1;
				GENERATE_INFOPLIST_FILE = YES;
				MARKETING_VERSION = 1.0;
				PRODUCT_BUNDLE_IDENTIFIER = com.vn.SwiftyLibRobTests;
				PRODUCT_NAME = "$(TARGET_NAME)";
				SWIFT_EMIT_LOC_STRINGS = NO;
				SWIFT_VERSION = 5.0;
				TARGETED_DEVICE_FAMILY = "1,2";
			};
			name = Release;
		};
/* End XCBuildConfiguration section */

/* Begin XCConfigurationList section */
		EE454917282290EC00796E39 /* Build configuration list for PBXProject "SwiftyLibRob" */ = {
			isa = XCConfigurationList;
			buildConfigurations = (
				EE45492F282290ED00796E39 /* Debug */,
				EE454930282290ED00796E39 /* Release */,
			);
			defaultConfigurationIsVisible = 0;
			defaultConfigurationName = Release;
		};
		EE454931282290ED00796E39 /* Build configuration list for PBXNativeTarget "SwiftyLibRob" */ = {
			isa = XCConfigurationList;
			buildConfigurations = (
				EE454932282290ED00796E39 /* Debug */,
				EE454933282290ED00796E39 /* Release */,
			);
			defaultConfigurationIsVisible = 0;
			defaultConfigurationName = Release;
		};
		EE454934282290ED00796E39 /* Build configuration list for PBXNativeTarget "SwiftyLibRobTests" */ = {
			isa = XCConfigurationList;
			buildConfigurations = (
				EE454935282290ED00796E39 /* Debug */,
				EE454936282290ED00796E39 /* Release */,
			);
			defaultConfigurationIsVisible = 0;
			defaultConfigurationName = Release;
		};
/* End XCConfigurationList section */
	};
	rootObject = EE454914282290EC00796E39 /* Project object */;
}
